// !$*UTF8*$!
{
	archiveVersion = 1;
	classes = {
	};
	objectVersion = 46;
	objects = {

/* Begin PBXBuildFile section */
		9A161F3E1C4D496200396D0C /* RGB.h in Headers */ = {isa = PBXBuildFile; fileRef = 9A161F3D1C4D496200396D0C /* RGB.h */; settings = {ATTRIBUTES = (Public, ); }; };
		9A161F451C4D496300396D0C /* RGB.framework in Frameworks */ = {isa = PBXBuildFile; fileRef = 9A161F3A1C4D496200396D0C /* RGB.framework */; };
		9A161F4A1C4D496300396D0C /* RGBTests.swift in Sources */ = {isa = PBXBuildFile; fileRef = 9A161F491C4D496300396D0C /* RGBTests.swift */; };
		9A161FAC1C4D514900396D0C /* Curry.framework in Frameworks */ = {isa = PBXBuildFile; fileRef = 9A161FAB1C4D514900396D0C /* Curry.framework */; };
		9A161FAE1C4D51A500396D0C /* Quick.framework in Frameworks */ = {isa = PBXBuildFile; fileRef = 9A161FAD1C4D51A500396D0C /* Quick.framework */; };
		9A161FB01C4D51AB00396D0C /* Nimble.framework in Frameworks */ = {isa = PBXBuildFile; fileRef = 9A161FAF1C4D51AB00396D0C /* Nimble.framework */; };
		9A161FB31C4D5D2000396D0C /* RGBUIColor.swift in Sources */ = {isa = PBXBuildFile; fileRef = 9A161FB21C4D5D2000396D0C /* RGBUIColor.swift */; };
/* End PBXBuildFile section */

/* Begin PBXContainerItemProxy section */
		9A161F461C4D496300396D0C /* PBXContainerItemProxy */ = {
			isa = PBXContainerItemProxy;
			containerPortal = 9A161F311C4D496200396D0C /* Project object */;
			proxyType = 1;
			remoteGlobalIDString = 9A161F391C4D496200396D0C;
			remoteInfo = RGB;
		};
/* End PBXContainerItemProxy section */

/* Begin PBXFileReference section */
		9A161F3A1C4D496200396D0C /* RGB.framework */ = {isa = PBXFileReference; explicitFileType = wrapper.framework; includeInIndex = 0; path = RGB.framework; sourceTree = BUILT_PRODUCTS_DIR; };
		9A161F3D1C4D496200396D0C /* RGB.h */ = {isa = PBXFileReference; lastKnownFileType = sourcecode.c.h; path = RGB.h; sourceTree = "<group>"; };
		9A161F3F1C4D496200396D0C /* Info.plist */ = {isa = PBXFileReference; lastKnownFileType = text.plist.xml; path = Info.plist; sourceTree = "<group>"; };
		9A161F441C4D496300396D0C /* RGBTests.xctest */ = {isa = PBXFileReference; explicitFileType = wrapper.cfbundle; includeInIndex = 0; path = RGBTests.xctest; sourceTree = BUILT_PRODUCTS_DIR; };
		9A161F491C4D496300396D0C /* RGBTests.swift */ = {isa = PBXFileReference; lastKnownFileType = sourcecode.swift; path = RGBTests.swift; sourceTree = "<group>"; };
		9A161F4B1C4D496300396D0C /* Info.plist */ = {isa = PBXFileReference; lastKnownFileType = text.plist.xml; path = Info.plist; sourceTree = "<group>"; };
		9A161FAB1C4D514900396D0C /* Curry.framework */ = {isa = PBXFileReference; lastKnownFileType = wrapper.framework; name = Curry.framework; path = "Carthage/Checkouts/Curry/build/Debug-iphoneos/Curry.framework"; sourceTree = "<group>"; };
		9A161FAD1C4D51A500396D0C /* Quick.framework */ = {isa = PBXFileReference; lastKnownFileType = wrapper.framework; name = Quick.framework; path = "Carthage/Checkouts/Quick/build/Debug-iphoneos/Quick.framework"; sourceTree = "<group>"; };
		9A161FAF1C4D51AB00396D0C /* Nimble.framework */ = {isa = PBXFileReference; lastKnownFileType = wrapper.framework; name = Nimble.framework; path = "Carthage/Checkouts/Nimble/build/Debug-iphoneos/Nimble.framework"; sourceTree = "<group>"; };
		9A161FB21C4D5D2000396D0C /* RGBUIColor.swift */ = {isa = PBXFileReference; fileEncoding = 4; lastKnownFileType = sourcecode.swift; path = RGBUIColor.swift; sourceTree = "<group>"; };
/* End PBXFileReference section */

/* Begin PBXFrameworksBuildPhase section */
		9A161F361C4D496200396D0C /* Frameworks */ = {
			isa = PBXFrameworksBuildPhase;
			buildActionMask = 2147483647;
			files = (
				9A161FAC1C4D514900396D0C /* Curry.framework in Frameworks */,
			);
			runOnlyForDeploymentPostprocessing = 0;
		};
		9A161F411C4D496300396D0C /* Frameworks */ = {
			isa = PBXFrameworksBuildPhase;
			buildActionMask = 2147483647;
			files = (
				9A161FB01C4D51AB00396D0C /* Nimble.framework in Frameworks */,
				9A161FAE1C4D51A500396D0C /* Quick.framework in Frameworks */,
				9A161F451C4D496300396D0C /* RGB.framework in Frameworks */,
			);
			runOnlyForDeploymentPostprocessing = 0;
		};
/* End PBXFrameworksBuildPhase section */

/* Begin PBXGroup section */
		9A161F301C4D496200396D0C = {
			isa = PBXGroup;
			children = (
				9A161FB11C4D52BF00396D0C /* Frameworks */,
				9A161F3C1C4D496200396D0C /* RGB */,
				9A161F481C4D496300396D0C /* RGBTests */,
				9A161F3B1C4D496200396D0C /* Products */,
			);
			sourceTree = "<group>";
		};
		9A161F3B1C4D496200396D0C /* Products */ = {
			isa = PBXGroup;
			children = (
				9A161F3A1C4D496200396D0C /* RGB.framework */,
				9A161F441C4D496300396D0C /* RGBTests.xctest */,
			);
			name = Products;
			sourceTree = "<group>";
		};
		9A161F3C1C4D496200396D0C /* RGB */ = {
			isa = PBXGroup;
			children = (
				9A161F3D1C4D496200396D0C /* RGB.h */,
				9A161F3F1C4D496200396D0C /* Info.plist */,
				9A161FB21C4D5D2000396D0C /* RGBUIColor.swift */,
			);
			path = RGB;
			sourceTree = "<group>";
		};
		9A161F481C4D496300396D0C /* RGBTests */ = {
			isa = PBXGroup;
			children = (
				9A161F491C4D496300396D0C /* RGBTests.swift */,
				9A161F4B1C4D496300396D0C /* Info.plist */,
			);
			path = RGBTests;
			sourceTree = "<group>";
		};
		9A161FB11C4D52BF00396D0C /* Frameworks */ = {
			isa = PBXGroup;
			children = (
				9A161FAF1C4D51AB00396D0C /* Nimble.framework */,
				9A161FAD1C4D51A500396D0C /* Quick.framework */,
				9A161FAB1C4D514900396D0C /* Curry.framework */,
			);
			name = Frameworks;
			sourceTree = "<group>";
		};
/* End PBXGroup section */

/* Begin PBXHeadersBuildPhase section */
		9A161F371C4D496200396D0C /* Headers */ = {
			isa = PBXHeadersBuildPhase;
			buildActionMask = 2147483647;
			files = (
				9A161F3E1C4D496200396D0C /* RGB.h in Headers */,
			);
			runOnlyForDeploymentPostprocessing = 0;
		};
/* End PBXHeadersBuildPhase section */

/* Begin PBXNativeTarget section */
		9A161F391C4D496200396D0C /* RGB */ = {
			isa = PBXNativeTarget;
			buildConfigurationList = 9A161F4E1C4D496300396D0C /* Build configuration list for PBXNativeTarget "RGB" */;
			buildPhases = (
				9A161F351C4D496200396D0C /* Sources */,
				9A161F361C4D496200396D0C /* Frameworks */,
				9A161F371C4D496200396D0C /* Headers */,
				9A161F381C4D496200396D0C /* Resources */,
			);
			buildRules = (
			);
			dependencies = (
			);
			name = RGB;
			productName = RGB;
			productReference = 9A161F3A1C4D496200396D0C /* RGB.framework */;
			productType = "com.apple.product-type.framework";
		};
		9A161F431C4D496300396D0C /* RGBTests */ = {
			isa = PBXNativeTarget;
			buildConfigurationList = 9A161F511C4D496300396D0C /* Build configuration list for PBXNativeTarget "RGBTests" */;
			buildPhases = (
				9A161F401C4D496300396D0C /* Sources */,
				9A161F411C4D496300396D0C /* Frameworks */,
				9A161F421C4D496300396D0C /* Resources */,
			);
			buildRules = (
			);
			dependencies = (
				9A161F471C4D496300396D0C /* PBXTargetDependency */,
			);
			name = RGBTests;
			productName = RGBTests;
			productReference = 9A161F441C4D496300396D0C /* RGBTests.xctest */;
			productType = "com.apple.product-type.bundle.unit-test";
		};
/* End PBXNativeTarget section */

/* Begin PBXProject section */
		9A161F311C4D496200396D0C /* Project object */ = {
			isa = PBXProject;
			attributes = {
				LastSwiftUpdateCheck = 0720;
				LastUpgradeCheck = 0720;
				ORGANIZATIONNAME = "César Saucedo";
				TargetAttributes = {
					9A161F391C4D496200396D0C = {
						CreatedOnToolsVersion = 7.2;
					};
					9A161F431C4D496300396D0C = {
						CreatedOnToolsVersion = 7.2;
					};
				};
			};
			buildConfigurationList = 9A161F341C4D496200396D0C /* Build configuration list for PBXProject "RGB" */;
			compatibilityVersion = "Xcode 3.2";
			developmentRegion = English;
			hasScannedForEncodings = 0;
			knownRegions = (
				en,
			);
			mainGroup = 9A161F301C4D496200396D0C;
			productRefGroup = 9A161F3B1C4D496200396D0C /* Products */;
			projectDirPath = "";
			projectRoot = "";
			targets = (
				9A161F391C4D496200396D0C /* RGB */,
				9A161F431C4D496300396D0C /* RGBTests */,
			);
		};
/* End PBXProject section */

/* Begin PBXResourcesBuildPhase section */
		9A161F381C4D496200396D0C /* Resources */ = {
			isa = PBXResourcesBuildPhase;
			buildActionMask = 2147483647;
			files = (
			);
			runOnlyForDeploymentPostprocessing = 0;
		};
		9A161F421C4D496300396D0C /* Resources */ = {
			isa = PBXResourcesBuildPhase;
			buildActionMask = 2147483647;
			files = (
			);
			runOnlyForDeploymentPostprocessing = 0;
		};
/* End PBXResourcesBuildPhase section */

/* Begin PBXSourcesBuildPhase section */
		9A161F351C4D496200396D0C /* Sources */ = {
			isa = PBXSourcesBuildPhase;
			buildActionMask = 2147483647;
			files = (
				9A161FB31C4D5D2000396D0C /* RGBUIColor.swift in Sources */,
			);
			runOnlyForDeploymentPostprocessing = 0;
		};
		9A161F401C4D496300396D0C /* Sources */ = {
			isa = PBXSourcesBuildPhase;
			buildActionMask = 2147483647;
			files = (
				9A161F4A1C4D496300396D0C /* RGBTests.swift in Sources */,
			);
			runOnlyForDeploymentPostprocessing = 0;
		};
/* End PBXSourcesBuildPhase section */

/* Begin PBXTargetDependency section */
		9A161F471C4D496300396D0C /* PBXTargetDependency */ = {
			isa = PBXTargetDependency;
			target = 9A161F391C4D496200396D0C /* RGB */;
			targetProxy = 9A161F461C4D496300396D0C /* PBXContainerItemProxy */;
		};
/* End PBXTargetDependency section */

/* Begin XCBuildConfiguration section */
		9A161F4C1C4D496300396D0C /* Debug */ = {
			isa = XCBuildConfiguration;
			buildSettings = {
				ALWAYS_SEARCH_USER_PATHS = NO;
				CLANG_CXX_LANGUAGE_STANDARD = "gnu++0x";
				CLANG_CXX_LIBRARY = "libc++";
				CLANG_ENABLE_MODULES = YES;
				CLANG_ENABLE_OBJC_ARC = YES;
				CLANG_WARN_BOOL_CONVERSION = YES;
				CLANG_WARN_CONSTANT_CONVERSION = YES;
				CLANG_WARN_DIRECT_OBJC_ISA_USAGE = YES_ERROR;
				CLANG_WARN_EMPTY_BODY = YES;
				CLANG_WARN_ENUM_CONVERSION = YES;
				CLANG_WARN_INT_CONVERSION = YES;
				CLANG_WARN_OBJC_ROOT_CLASS = YES_ERROR;
				CLANG_WARN_UNREACHABLE_CODE = YES;
				CLANG_WARN__DUPLICATE_METHOD_MATCH = YES;
				"CODE_SIGN_IDENTITY[sdk=iphoneos*]" = "iPhone Developer";
				COPY_PHASE_STRIP = NO;
				CURRENT_PROJECT_VERSION = 1;
				DEBUG_INFORMATION_FORMAT = dwarf;
				ENABLE_STRICT_OBJC_MSGSEND = YES;
				ENABLE_TESTABILITY = YES;
				GCC_C_LANGUAGE_STANDARD = gnu99;
				GCC_DYNAMIC_NO_PIC = NO;
				GCC_NO_COMMON_BLOCKS = YES;
				GCC_OPTIMIZATION_LEVEL = 0;
				GCC_PREPROCESSOR_DEFINITIONS = (
					"DEBUG=1",
					"$(inherited)",
				);
				GCC_WARN_64_TO_32_BIT_CONVERSION = YES;
				GCC_WARN_ABOUT_RETURN_TYPE = YES_ERROR;
				GCC_WARN_UNDECLARED_SELECTOR = YES;
				GCC_WARN_UNINITIALIZED_AUTOS = YES_AGGRESSIVE;
				GCC_WARN_UNUSED_FUNCTION = YES;
				GCC_WARN_UNUSED_VARIABLE = YES;
				IPHONEOS_DEPLOYMENT_TARGET = 8.1;
				MTL_ENABLE_DEBUG_INFO = YES;
				ONLY_ACTIVE_ARCH = YES;
				SDKROOT = iphoneos;
				SWIFT_OPTIMIZATION_LEVEL = "-Onone";
				TARGETED_DEVICE_FAMILY = "1,2";
				VERSIONING_SYSTEM = "apple-generic";
				VERSION_INFO_PREFIX = "";
			};
			name = Debug;
		};
		9A161F4D1C4D496300396D0C /* Release */ = {
			isa = XCBuildConfiguration;
			buildSettings = {
				ALWAYS_SEARCH_USER_PATHS = NO;
				CLANG_CXX_LANGUAGE_STANDARD = "gnu++0x";
				CLANG_CXX_LIBRARY = "libc++";
				CLANG_ENABLE_MODULES = YES;
				CLANG_ENABLE_OBJC_ARC = YES;
				CLANG_WARN_BOOL_CONVERSION = YES;
				CLANG_WARN_CONSTANT_CONVERSION = YES;
				CLANG_WARN_DIRECT_OBJC_ISA_USAGE = YES_ERROR;
				CLANG_WARN_EMPTY_BODY = YES;
				CLANG_WARN_ENUM_CONVERSION = YES;
				CLANG_WARN_INT_CONVERSION = YES;
				CLANG_WARN_OBJC_ROOT_CLASS = YES_ERROR;
				CLANG_WARN_UNREACHABLE_CODE = YES;
				CLANG_WARN__DUPLICATE_METHOD_MATCH = YES;
				"CODE_SIGN_IDENTITY[sdk=iphoneos*]" = "iPhone Developer";
				COPY_PHASE_STRIP = NO;
				CURRENT_PROJECT_VERSION = 1;
				DEBUG_INFORMATION_FORMAT = "dwarf-with-dsym";
				ENABLE_NS_ASSERTIONS = NO;
				ENABLE_STRICT_OBJC_MSGSEND = YES;
				GCC_C_LANGUAGE_STANDARD = gnu99;
				GCC_NO_COMMON_BLOCKS = YES;
				GCC_WARN_64_TO_32_BIT_CONVERSION = YES;
				GCC_WARN_ABOUT_RETURN_TYPE = YES_ERROR;
				GCC_WARN_UNDECLARED_SELECTOR = YES;
				GCC_WARN_UNINITIALIZED_AUTOS = YES_AGGRESSIVE;
				GCC_WARN_UNUSED_FUNCTION = YES;
				GCC_WARN_UNUSED_VARIABLE = YES;
				IPHONEOS_DEPLOYMENT_TARGET = 8.1;
				MTL_ENABLE_DEBUG_INFO = NO;
				SDKROOT = iphoneos;
				TARGETED_DEVICE_FAMILY = "1,2";
				VALIDATE_PRODUCT = YES;
				VERSIONING_SYSTEM = "apple-generic";
				VERSION_INFO_PREFIX = "";
			};
			name = Release;
		};
		9A161F4F1C4D496300396D0C /* Debug */ = {
			isa = XCBuildConfiguration;
			buildSettings = {
				CLANG_ENABLE_MODULES = YES;
				DEFINES_MODULE = YES;
				DYLIB_COMPATIBILITY_VERSION = 1;
				DYLIB_CURRENT_VERSION = 1;
				DYLIB_INSTALL_NAME_BASE = "@rpath";
				FRAMEWORK_SEARCH_PATHS = "";
				INFOPLIST_FILE = RGB/Info.plist;
				INSTALL_PATH = "$(LOCAL_LIBRARY_DIR)/Frameworks";
				IPHONEOS_DEPLOYMENT_TARGET = 8.1;
				LD_RUNPATH_SEARCH_PATHS = "$(inherited) @executable_path/Frameworks @loader_path/Frameworks";
				PRODUCT_BUNDLE_IDENTIFIER = com.x.RGB;
				PRODUCT_NAME = "$(TARGET_NAME)";
				SKIP_INSTALL = YES;
				SWIFT_OPTIMIZATION_LEVEL = "-Onone";
			};
			name = Debug;
		};
		9A161F501C4D496300396D0C /* Release */ = {
			isa = XCBuildConfiguration;
			buildSettings = {
				CLANG_ENABLE_MODULES = YES;
				DEFINES_MODULE = YES;
				DYLIB_COMPATIBILITY_VERSION = 1;
				DYLIB_CURRENT_VERSION = 1;
				DYLIB_INSTALL_NAME_BASE = "@rpath";
				FRAMEWORK_SEARCH_PATHS = "";
				INFOPLIST_FILE = RGB/Info.plist;
				INSTALL_PATH = "$(LOCAL_LIBRARY_DIR)/Frameworks";
				IPHONEOS_DEPLOYMENT_TARGET = 8.1;
				LD_RUNPATH_SEARCH_PATHS = "$(inherited) @executable_path/Frameworks @loader_path/Frameworks";
				PRODUCT_BUNDLE_IDENTIFIER = com.x.RGB;
				PRODUCT_NAME = "$(TARGET_NAME)";
				SKIP_INSTALL = YES;
			};
			name = Release;
		};
		9A161F521C4D496300396D0C /* Debug */ = {
			isa = XCBuildConfiguration;
			buildSettings = {
				INFOPLIST_FILE = RGBTests/Info.plist;
				LD_RUNPATH_SEARCH_PATHS = "$(inherited) @executable_path/Frameworks @loader_path/Frameworks";
				PRODUCT_BUNDLE_IDENTIFIER = com.x.RGBTests;
				PRODUCT_NAME = "$(TARGET_NAME)";
			};
			name = Debug;
		};
		9A161F531C4D496300396D0C /* Release */ = {
			isa = XCBuildConfiguration;
			buildSettings = {
				INFOPLIST_FILE = RGBTests/Info.plist;
				LD_RUNPATH_SEARCH_PATHS = "$(inherited) @executable_path/Frameworks @loader_path/Frameworks";
				PRODUCT_BUNDLE_IDENTIFIER = com.x.RGBTests;
				PRODUCT_NAME = "$(TARGET_NAME)";
			};
			name = Release;
		};
/* End XCBuildConfiguration section */

/* Begin XCConfigurationList section */
		9A161F341C4D496200396D0C /* Build configuration list for PBXProject "RGB" */ = {
			isa = XCConfigurationList;
			buildConfigurations = (
				9A161F4C1C4D496300396D0C /* Debug */,
				9A161F4D1C4D496300396D0C /* Release */,
			);
			defaultConfigurationIsVisible = 0;
			defaultConfigurationName = Release;
		};
		9A161F4E1C4D496300396D0C /* Build configuration list for PBXNativeTarget "RGB" */ = {
			isa = XCConfigurationList;
			buildConfigurations = (
				9A161F4F1C4D496300396D0C /* Debug */,
				9A161F501C4D496300396D0C /* Release */,
			);
			defaultConfigurationIsVisible = 0;
			defaultConfigurationName = Release;
		};
		9A161F511C4D496300396D0C /* Build configuration list for PBXNativeTarget "RGBTests" */ = {
			isa = XCConfigurationList;
			buildConfigurations = (
				9A161F521C4D496300396D0C /* Debug */,
				9A161F531C4D496300396D0C /* Release */,
			);
			defaultConfigurationIsVisible = 0;
			defaultConfigurationName = Release;
		};
/* End XCConfigurationList section */
	};
	rootObject = 9A161F311C4D496200396D0C /* Project object */;
}
